// !$*UTF8*$!
{
	archiveVersion = 1;
	classes = {
	};
	objectVersion = 56;
	objects = {

/* Begin PBXBuildFile section */
		872159AC29318677009FBE07 /* CardListView.swift in Sources */ = {isa = PBXBuildFile; fileRef = 872159AB29317EED009FBE07 /* CardListView.swift */; };
		872159B1293224D0009FBE07 /* SimpsonsCharacterCardContent.swift in Sources */ = {isa = PBXBuildFile; fileRef = 872159B0293224D0009FBE07 /* SimpsonsCharacterCardContent.swift */; };
		872159B3293229DA009FBE07 /* SimpsonsCharacterDetail.swift in Sources */ = {isa = PBXBuildFile; fileRef = 872159B2293229DA009FBE07 /* SimpsonsCharacterDetail.swift */; };
		872159B82932C786009FBE07 /* SimpsonsCharacter.swift in Sources */ = {isa = PBXBuildFile; fileRef = 872159B72932C786009FBE07 /* SimpsonsCharacter.swift */; };
		8754D9BA293140E3002BFE73 /* BasicViewWithSmartBinding.swift in Sources */ = {isa = PBXBuildFile; fileRef = 8754D9B9293140E3002BFE73 /* BasicViewWithSmartBinding.swift */; };
		8754D9BE29314272002BFE73 /* TransitionStylePicker.swift in Sources */ = {isa = PBXBuildFile; fileRef = 8754D9BD29314272002BFE73 /* TransitionStylePicker.swift */; };
		87A2327B292F2C8B00B5EC64 /* SampleApp.swift in Sources */ = {isa = PBXBuildFile; fileRef = 87A2327A292F2C8B00B5EC64 /* SampleApp.swift */; };
		87A2327D292F2C8B00B5EC64 /* ContentView.swift in Sources */ = {isa = PBXBuildFile; fileRef = 87A2327C292F2C8B00B5EC64 /* ContentView.swift */; };
		87A2327F292F2C8C00B5EC64 /* Assets.xcassets in Resources */ = {isa = PBXBuildFile; fileRef = 87A2327E292F2C8C00B5EC64 /* Assets.xcassets */; };
		87A23282292F2C8C00B5EC64 /* Preview Assets.xcassets in Resources */ = {isa = PBXBuildFile; fileRef = 87A23281292F2C8C00B5EC64 /* Preview Assets.xcassets */; };
		87A2328C292F2C8C00B5EC64 /* SampleAppTests.swift in Sources */ = {isa = PBXBuildFile; fileRef = 87A2328B292F2C8C00B5EC64 /* SampleAppTests.swift */; };
		87A23296292F2C8D00B5EC64 /* SampleAppUITests.swift in Sources */ = {isa = PBXBuildFile; fileRef = 87A23295292F2C8D00B5EC64 /* SampleAppUITests.swift */; };
		87A23298292F2C8D00B5EC64 /* SampleAppUITestsLaunchTests.swift in Sources */ = {isa = PBXBuildFile; fileRef = 87A23297292F2C8D00B5EC64 /* SampleAppUITestsLaunchTests.swift */; };
		87A232AC292F32A500B5EC64 /* TransitionKit in Frameworks */ = {isa = PBXBuildFile; productRef = 87A232AB292F32A500B5EC64 /* TransitionKit */; };
		87A232AE292F56E100B5EC64 /* BasicView.swift in Sources */ = {isa = PBXBuildFile; fileRef = 87A232AD292F56E100B5EC64 /* BasicView.swift */; };
		87F5A3B229367AE40029D2D8 /* DeckListView.swift in Sources */ = {isa = PBXBuildFile; fileRef = 87F5A3B1293679EB0029D2D8 /* DeckListView.swift */; };
/* End PBXBuildFile section */

/* Begin PBXContainerItemProxy section */
		87A23288292F2C8C00B5EC64 /* PBXContainerItemProxy */ = {
			isa = PBXContainerItemProxy;
			containerPortal = 87A2326F292F2C8B00B5EC64 /* Project object */;
			proxyType = 1;
			remoteGlobalIDString = 87A23276292F2C8B00B5EC64;
			remoteInfo = SampleApp;
		};
		87A23292292F2C8D00B5EC64 /* PBXContainerItemProxy */ = {
			isa = PBXContainerItemProxy;
			containerPortal = 87A2326F292F2C8B00B5EC64 /* Project object */;
			proxyType = 1;
			remoteGlobalIDString = 87A23276292F2C8B00B5EC64;
			remoteInfo = SampleApp;
		};
/* End PBXContainerItemProxy section */

/* Begin PBXFileReference section */
		872159AB29317EED009FBE07 /* CardListView.swift */ = {isa = PBXFileReference; lastKnownFileType = sourcecode.swift; path = CardListView.swift; sourceTree = "<group>"; };
		872159B0293224D0009FBE07 /* SimpsonsCharacterCardContent.swift */ = {isa = PBXFileReference; lastKnownFileType = sourcecode.swift; path = SimpsonsCharacterCardContent.swift; sourceTree = "<group>"; };
		872159B2293229DA009FBE07 /* SimpsonsCharacterDetail.swift */ = {isa = PBXFileReference; lastKnownFileType = sourcecode.swift; path = SimpsonsCharacterDetail.swift; sourceTree = "<group>"; };
		872159B72932C786009FBE07 /* SimpsonsCharacter.swift */ = {isa = PBXFileReference; lastKnownFileType = sourcecode.swift; path = SimpsonsCharacter.swift; sourceTree = "<group>"; };
		8754D9B9293140E3002BFE73 /* BasicViewWithSmartBinding.swift */ = {isa = PBXFileReference; lastKnownFileType = sourcecode.swift; path = BasicViewWithSmartBinding.swift; sourceTree = "<group>"; };
		8754D9BD29314272002BFE73 /* TransitionStylePicker.swift */ = {isa = PBXFileReference; lastKnownFileType = sourcecode.swift; path = TransitionStylePicker.swift; sourceTree = "<group>"; };
		87A23277292F2C8B00B5EC64 /* SampleApp.app */ = {isa = PBXFileReference; explicitFileType = wrapper.application; includeInIndex = 0; path = SampleApp.app; sourceTree = BUILT_PRODUCTS_DIR; };
		87A2327A292F2C8B00B5EC64 /* SampleApp.swift */ = {isa = PBXFileReference; lastKnownFileType = sourcecode.swift; path = SampleApp.swift; sourceTree = "<group>"; };
		87A2327C292F2C8B00B5EC64 /* ContentView.swift */ = {isa = PBXFileReference; lastKnownFileType = sourcecode.swift; path = ContentView.swift; sourceTree = "<group>"; };
		87A2327E292F2C8C00B5EC64 /* Assets.xcassets */ = {isa = PBXFileReference; lastKnownFileType = folder.assetcatalog; path = Assets.xcassets; sourceTree = "<group>"; };
		87A23281292F2C8C00B5EC64 /* Preview Assets.xcassets */ = {isa = PBXFileReference; lastKnownFileType = folder.assetcatalog; path = "Preview Assets.xcassets"; sourceTree = "<group>"; };
		87A23287292F2C8C00B5EC64 /* SampleAppTests.xctest */ = {isa = PBXFileReference; explicitFileType = wrapper.cfbundle; includeInIndex = 0; path = SampleAppTests.xctest; sourceTree = BUILT_PRODUCTS_DIR; };
		87A2328B292F2C8C00B5EC64 /* SampleAppTests.swift */ = {isa = PBXFileReference; lastKnownFileType = sourcecode.swift; path = SampleAppTests.swift; sourceTree = "<group>"; };
		87A23291292F2C8D00B5EC64 /* SampleAppUITests.xctest */ = {isa = PBXFileReference; explicitFileType = wrapper.cfbundle; includeInIndex = 0; path = SampleAppUITests.xctest; sourceTree = BUILT_PRODUCTS_DIR; };
		87A23295292F2C8D00B5EC64 /* SampleAppUITests.swift */ = {isa = PBXFileReference; lastKnownFileType = sourcecode.swift; path = SampleAppUITests.swift; sourceTree = "<group>"; };
		87A23297292F2C8D00B5EC64 /* SampleAppUITestsLaunchTests.swift */ = {isa = PBXFileReference; lastKnownFileType = sourcecode.swift; path = SampleAppUITestsLaunchTests.swift; sourceTree = "<group>"; };
		87A232A9292F322700B5EC64 /* TransitionKit */ = {isa = PBXFileReference; lastKnownFileType = wrapper; name = TransitionKit; path = ..; sourceTree = "<group>"; };
		87A232AD292F56E100B5EC64 /* BasicView.swift */ = {isa = PBXFileReference; lastKnownFileType = sourcecode.swift; path = BasicView.swift; sourceTree = "<group>"; };
		87F5A3B1293679EB0029D2D8 /* DeckListView.swift */ = {isa = PBXFileReference; lastKnownFileType = sourcecode.swift; path = DeckListView.swift; sourceTree = "<group>"; };
/* End PBXFileReference section */

/* Begin PBXFrameworksBuildPhase section */
		87A23274292F2C8B00B5EC64 /* Frameworks */ = {
			isa = PBXFrameworksBuildPhase;
			buildActionMask = 2147483647;
			files = (
				87A232AC292F32A500B5EC64 /* TransitionKit in Frameworks */,
			);
			runOnlyForDeploymentPostprocessing = 0;
		};
		87A23284292F2C8C00B5EC64 /* Frameworks */ = {
			isa = PBXFrameworksBuildPhase;
			buildActionMask = 2147483647;
			files = (
			);
			runOnlyForDeploymentPostprocessing = 0;
		};
		87A2328E292F2C8D00B5EC64 /* Frameworks */ = {
			isa = PBXFrameworksBuildPhase;
			buildActionMask = 2147483647;
			files = (
			);
			runOnlyForDeploymentPostprocessing = 0;
		};
/* End PBXFrameworksBuildPhase section */

/* Begin PBXGroup section */
		872159A929317ECF009FBE07 /* 2. CardList */ = {
			isa = PBXGroup;
			children = (
				872159AB29317EED009FBE07 /* CardListView.swift */,
				872159B72932C786009FBE07 /* SimpsonsCharacter.swift */,
				872159AD29318797009FBE07 /* Views */,
			);
			path = "2. CardList";
			sourceTree = "<group>";
		};
		872159AA29317EE0009FBE07 /* 3. CardDecks */ = {
			isa = PBXGroup;
			children = (
				87F5A3B1293679EB0029D2D8 /* DeckListView.swift */,
			);
			path = "3. CardDecks";
			sourceTree = "<group>";
		};
		872159AD29318797009FBE07 /* Views */ = {
			isa = PBXGroup;
			children = (
				872159B0293224D0009FBE07 /* SimpsonsCharacterCardContent.swift */,
				872159B2293229DA009FBE07 /* SimpsonsCharacterDetail.swift */,
			);
			path = Views;
			sourceTree = "<group>";
		};
		872159B42932B86F009FBE07 /* Helpers */ = {
			isa = PBXGroup;
			children = (
			);
			path = Helpers;
			sourceTree = "<group>";
		};
		8754D9BB293141E8002BFE73 /* 1. BasicView */ = {
			isa = PBXGroup;
			children = (
				87A232AD292F56E100B5EC64 /* BasicView.swift */,
				8754D9B9293140E3002BFE73 /* BasicViewWithSmartBinding.swift */,
				8754D9BC2931420F002BFE73 /* VIews */,
			);
			path = "1. BasicView";
			sourceTree = "<group>";
		};
		8754D9BC2931420F002BFE73 /* VIews */ = {
			isa = PBXGroup;
			children = (
				8754D9BD29314272002BFE73 /* TransitionStylePicker.swift */,
			);
			path = VIews;
			sourceTree = "<group>";
		};
		87A2326E292F2C8B00B5EC64 = {
			isa = PBXGroup;
			children = (
				87A232A8292F322700B5EC64 /* Packages */,
				87A23279292F2C8B00B5EC64 /* SampleApp */,
				87A2328A292F2C8C00B5EC64 /* SampleAppTests */,
				87A23294292F2C8D00B5EC64 /* SampleAppUITests */,
				87A23278292F2C8B00B5EC64 /* Products */,
				87A232A5292F30E600B5EC64 /* Frameworks */,
			);
			sourceTree = "<group>";
		};
		87A23278292F2C8B00B5EC64 /* Products */ = {
			isa = PBXGroup;
			children = (
				87A23277292F2C8B00B5EC64 /* SampleApp.app */,
				87A23287292F2C8C00B5EC64 /* SampleAppTests.xctest */,
				87A23291292F2C8D00B5EC64 /* SampleAppUITests.xctest */,
			);
			name = Products;
			sourceTree = "<group>";
		};
		87A23279292F2C8B00B5EC64 /* SampleApp */ = {
			isa = PBXGroup;
			children = (
				87A2327A292F2C8B00B5EC64 /* SampleApp.swift */,
				87A2327C292F2C8B00B5EC64 /* ContentView.swift */,
				872159B42932B86F009FBE07 /* Helpers */,
				8754D9BB293141E8002BFE73 /* 1. BasicView */,
				872159A929317ECF009FBE07 /* 2. CardList */,
				872159AA29317EE0009FBE07 /* 3. CardDecks */,
				87A2327E292F2C8C00B5EC64 /* Assets.xcassets */,
				87A23280292F2C8C00B5EC64 /* Preview Content */,
			);
			path = SampleApp;
			sourceTree = "<group>";
		};
		87A23280292F2C8C00B5EC64 /* Preview Content */ = {
			isa = PBXGroup;
			children = (
				87A23281292F2C8C00B5EC64 /* Preview Assets.xcassets */,
			);
			path = "Preview Content";
			sourceTree = "<group>";
		};
		87A2328A292F2C8C00B5EC64 /* SampleAppTests */ = {
			isa = PBXGroup;
			children = (
				87A2328B292F2C8C00B5EC64 /* SampleAppTests.swift */,
			);
			path = SampleAppTests;
			sourceTree = "<group>";
		};
		87A23294292F2C8D00B5EC64 /* SampleAppUITests */ = {
			isa = PBXGroup;
			children = (
				87A23295292F2C8D00B5EC64 /* SampleAppUITests.swift */,
				87A23297292F2C8D00B5EC64 /* SampleAppUITestsLaunchTests.swift */,
			);
			path = SampleAppUITests;
			sourceTree = "<group>";
		};
		87A232A5292F30E600B5EC64 /* Frameworks */ = {
			isa = PBXGroup;
			children = (
			);
			name = Frameworks;
			sourceTree = "<group>";
		};
		87A232A8292F322700B5EC64 /* Packages */ = {
			isa = PBXGroup;
			children = (
				87A232A9292F322700B5EC64 /* TransitionKit */,
			);
			name = Packages;
			sourceTree = "<group>";
		};
/* End PBXGroup section */

/* Begin PBXNativeTarget section */
		87A23276292F2C8B00B5EC64 /* SampleApp */ = {
			isa = PBXNativeTarget;
			buildConfigurationList = 87A2329B292F2C8D00B5EC64 /* Build configuration list for PBXNativeTarget "SampleApp" */;
			buildPhases = (
				87A23273292F2C8B00B5EC64 /* Sources */,
				87A23274292F2C8B00B5EC64 /* Frameworks */,
				87A23275292F2C8B00B5EC64 /* Resources */,
			);
			buildRules = (
			);
			dependencies = (
			);
			name = SampleApp;
			packageProductDependencies = (
				87A232AB292F32A500B5EC64 /* TransitionKit */,
			);
			productName = SampleApp;
			productReference = 87A23277292F2C8B00B5EC64 /* SampleApp.app */;
			productType = "com.apple.product-type.application";
		};
		87A23286292F2C8C00B5EC64 /* SampleAppTests */ = {
			isa = PBXNativeTarget;
			buildConfigurationList = 87A2329E292F2C8D00B5EC64 /* Build configuration list for PBXNativeTarget "SampleAppTests" */;
			buildPhases = (
				87A23283292F2C8C00B5EC64 /* Sources */,
				87A23284292F2C8C00B5EC64 /* Frameworks */,
				87A23285292F2C8C00B5EC64 /* Resources */,
			);
			buildRules = (
			);
			dependencies = (
				87A23289292F2C8C00B5EC64 /* PBXTargetDependency */,
			);
			name = SampleAppTests;
			productName = SampleAppTests;
			productReference = 87A23287292F2C8C00B5EC64 /* SampleAppTests.xctest */;
			productType = "com.apple.product-type.bundle.unit-test";
		};
		87A23290292F2C8D00B5EC64 /* SampleAppUITests */ = {
			isa = PBXNativeTarget;
			buildConfigurationList = 87A232A1292F2C8D00B5EC64 /* Build configuration list for PBXNativeTarget "SampleAppUITests" */;
			buildPhases = (
				87A2328D292F2C8D00B5EC64 /* Sources */,
				87A2328E292F2C8D00B5EC64 /* Frameworks */,
				87A2328F292F2C8D00B5EC64 /* Resources */,
			);
			buildRules = (
			);
			dependencies = (
				87A23293292F2C8D00B5EC64 /* PBXTargetDependency */,
			);
			name = SampleAppUITests;
			productName = SampleAppUITests;
			productReference = 87A23291292F2C8D00B5EC64 /* SampleAppUITests.xctest */;
			productType = "com.apple.product-type.bundle.ui-testing";
		};
/* End PBXNativeTarget section */

/* Begin PBXProject section */
		87A2326F292F2C8B00B5EC64 /* Project object */ = {
			isa = PBXProject;
			attributes = {
				BuildIndependentTargetsInParallel = 1;
				LastSwiftUpdateCheck = 1400;
				LastUpgradeCheck = 1400;
				TargetAttributes = {
					87A23276292F2C8B00B5EC64 = {
						CreatedOnToolsVersion = 14.0.1;
					};
					87A23286292F2C8C00B5EC64 = {
						CreatedOnToolsVersion = 14.0.1;
						TestTargetID = 87A23276292F2C8B00B5EC64;
					};
					87A23290292F2C8D00B5EC64 = {
						CreatedOnToolsVersion = 14.0.1;
						TestTargetID = 87A23276292F2C8B00B5EC64;
					};
				};
			};
			buildConfigurationList = 87A23272292F2C8B00B5EC64 /* Build configuration list for PBXProject "SampleApp" */;
			compatibilityVersion = "Xcode 14.0";
			developmentRegion = en;
			hasScannedForEncodings = 0;
			knownRegions = (
				en,
				Base,
			);
			mainGroup = 87A2326E292F2C8B00B5EC64;
			productRefGroup = 87A23278292F2C8B00B5EC64 /* Products */;
			projectDirPath = "";
			projectRoot = "";
			targets = (
				87A23276292F2C8B00B5EC64 /* SampleApp */,
				87A23286292F2C8C00B5EC64 /* SampleAppTests */,
				87A23290292F2C8D00B5EC64 /* SampleAppUITests */,
			);
		};
/* End PBXProject section */

/* Begin PBXResourcesBuildPhase section */
		87A23275292F2C8B00B5EC64 /* Resources */ = {
			isa = PBXResourcesBuildPhase;
			buildActionMask = 2147483647;
			files = (
				87A23282292F2C8C00B5EC64 /* Preview Assets.xcassets in Resources */,
				87A2327F292F2C8C00B5EC64 /* Assets.xcassets in Resources */,
			);
			runOnlyForDeploymentPostprocessing = 0;
		};
		87A23285292F2C8C00B5EC64 /* Resources */ = {
			isa = PBXResourcesBuildPhase;
			buildActionMask = 2147483647;
			files = (
			);
			runOnlyForDeploymentPostprocessing = 0;
		};
		87A2328F292F2C8D00B5EC64 /* Resources */ = {
			isa = PBXResourcesBuildPhase;
			buildActionMask = 2147483647;
			files = (
			);
			runOnlyForDeploymentPostprocessing = 0;
		};
/* End PBXResourcesBuildPhase section */

/* Begin PBXSourcesBuildPhase section */
		87A23273292F2C8B00B5EC64 /* Sources */ = {
			isa = PBXSourcesBuildPhase;
			buildActionMask = 2147483647;
			files = (
				8754D9BE29314272002BFE73 /* TransitionStylePicker.swift in Sources */,
				87F5A3B229367AE40029D2D8 /* DeckListView.swift in Sources */,
				872159B3293229DA009FBE07 /* SimpsonsCharacterDetail.swift in Sources */,
				87A2327D292F2C8B00B5EC64 /* ContentView.swift in Sources */,
				872159B1293224D0009FBE07 /* SimpsonsCharacterCardContent.swift in Sources */,
				872159B82932C786009FBE07 /* SimpsonsCharacter.swift in Sources */,
				8754D9BA293140E3002BFE73 /* BasicViewWithSmartBinding.swift in Sources */,
				87A232AE292F56E100B5EC64 /* BasicView.swift in Sources */,
				872159AC29318677009FBE07 /* CardListView.swift in Sources */,
				87A2327B292F2C8B00B5EC64 /* SampleApp.swift in Sources */,
			);
			runOnlyForDeploymentPostprocessing = 0;
		};
		87A23283292F2C8C00B5EC64 /* Sources */ = {
			isa = PBXSourcesBuildPhase;
			buildActionMask = 2147483647;
			files = (
				87A2328C292F2C8C00B5EC64 /* SampleAppTests.swift in Sources */,
			);
			runOnlyForDeploymentPostprocessing = 0;
		};
		87A2328D292F2C8D00B5EC64 /* Sources */ = {
			isa = PBXSourcesBuildPhase;
			buildActionMask = 2147483647;
			files = (
				87A23298292F2C8D00B5EC64 /* SampleAppUITestsLaunchTests.swift in Sources */,
				87A23296292F2C8D00B5EC64 /* SampleAppUITests.swift in Sources */,
			);
			runOnlyForDeploymentPostprocessing = 0;
		};
/* End PBXSourcesBuildPhase section */

/* Begin PBXTargetDependency section */
		87A23289292F2C8C00B5EC64 /* PBXTargetDependency */ = {
			isa = PBXTargetDependency;
			target = 87A23276292F2C8B00B5EC64 /* SampleApp */;
			targetProxy = 87A23288292F2C8C00B5EC64 /* PBXContainerItemProxy */;
		};
		87A23293292F2C8D00B5EC64 /* PBXTargetDependency */ = {
			isa = PBXTargetDependency;
			target = 87A23276292F2C8B00B5EC64 /* SampleApp */;
			targetProxy = 87A23292292F2C8D00B5EC64 /* PBXContainerItemProxy */;
		};
/* End PBXTargetDependency section */

/* Begin XCBuildConfiguration section */
		87A23299292F2C8D00B5EC64 /* Debug */ = {
			isa = XCBuildConfiguration;
			buildSettings = {
				ALWAYS_SEARCH_USER_PATHS = NO;
				CLANG_ANALYZER_NONNULL = YES;
				CLANG_ANALYZER_NUMBER_OBJECT_CONVERSION = YES_AGGRESSIVE;
				CLANG_CXX_LANGUAGE_STANDARD = "gnu++20";
				CLANG_ENABLE_MODULES = YES;
				CLANG_ENABLE_OBJC_ARC = YES;
				CLANG_ENABLE_OBJC_WEAK = YES;
				CLANG_WARN_BLOCK_CAPTURE_AUTORELEASING = YES;
				CLANG_WARN_BOOL_CONVERSION = YES;
				CLANG_WARN_COMMA = YES;
				CLANG_WARN_CONSTANT_CONVERSION = YES;
				CLANG_WARN_DEPRECATED_OBJC_IMPLEMENTATIONS = YES;
				CLANG_WARN_DIRECT_OBJC_ISA_USAGE = YES_ERROR;
				CLANG_WARN_DOCUMENTATION_COMMENTS = YES;
				CLANG_WARN_EMPTY_BODY = YES;
				CLANG_WARN_ENUM_CONVERSION = YES;
				CLANG_WARN_INFINITE_RECURSION = YES;
				CLANG_WARN_INT_CONVERSION = YES;
				CLANG_WARN_NON_LITERAL_NULL_CONVERSION = YES;
				CLANG_WARN_OBJC_IMPLICIT_RETAIN_SELF = YES;
				CLANG_WARN_OBJC_LITERAL_CONVERSION = YES;
				CLANG_WARN_OBJC_ROOT_CLASS = YES_ERROR;
				CLANG_WARN_QUOTED_INCLUDE_IN_FRAMEWORK_HEADER = YES;
				CLANG_WARN_RANGE_LOOP_ANALYSIS = YES;
				CLANG_WARN_STRICT_PROTOTYPES = YES;
				CLANG_WARN_SUSPICIOUS_MOVE = YES;
				CLANG_WARN_UNGUARDED_AVAILABILITY = YES_AGGRESSIVE;
				CLANG_WARN_UNREACHABLE_CODE = YES;
				CLANG_WARN__DUPLICATE_METHOD_MATCH = YES;
				COPY_PHASE_STRIP = NO;
				DEBUG_INFORMATION_FORMAT = dwarf;
				ENABLE_STRICT_OBJC_MSGSEND = YES;
				ENABLE_TESTABILITY = YES;
				GCC_C_LANGUAGE_STANDARD = gnu11;
				GCC_DYNAMIC_NO_PIC = NO;
				GCC_NO_COMMON_BLOCKS = YES;
				GCC_OPTIMIZATION_LEVEL = 0;
				GCC_PREPROCESSOR_DEFINITIONS = (
					"DEBUG=1",
					"$(inherited)",
				);
				GCC_WARN_64_TO_32_BIT_CONVERSION = YES;
				GCC_WARN_ABOUT_RETURN_TYPE = YES_ERROR;
				GCC_WARN_UNDECLARED_SELECTOR = YES;
				GCC_WARN_UNINITIALIZED_AUTOS = YES_AGGRESSIVE;
				GCC_WARN_UNUSED_FUNCTION = YES;
				GCC_WARN_UNUSED_VARIABLE = YES;
				IPHONEOS_DEPLOYMENT_TARGET = 16.0;
				MTL_ENABLE_DEBUG_INFO = INCLUDE_SOURCE;
				MTL_FAST_MATH = YES;
				ONLY_ACTIVE_ARCH = YES;
				SDKROOT = iphoneos;
				SWIFT_ACTIVE_COMPILATION_CONDITIONS = DEBUG;
				SWIFT_OPTIMIZATION_LEVEL = "-Onone";
			};
			name = Debug;
		};
		87A2329A292F2C8D00B5EC64 /* Release */ = {
			isa = XCBuildConfiguration;
			buildSettings = {
				ALWAYS_SEARCH_USER_PATHS = NO;
				CLANG_ANALYZER_NONNULL = YES;
				CLANG_ANALYZER_NUMBER_OBJECT_CONVERSION = YES_AGGRESSIVE;
				CLANG_CXX_LANGUAGE_STANDARD = "gnu++20";
				CLANG_ENABLE_MODULES = YES;
				CLANG_ENABLE_OBJC_ARC = YES;
				CLANG_ENABLE_OBJC_WEAK = YES;
				CLANG_WARN_BLOCK_CAPTURE_AUTORELEASING = YES;
				CLANG_WARN_BOOL_CONVERSION = YES;
				CLANG_WARN_COMMA = YES;
				CLANG_WARN_CONSTANT_CONVERSION = YES;
				CLANG_WARN_DEPRECATED_OBJC_IMPLEMENTATIONS = YES;
				CLANG_WARN_DIRECT_OBJC_ISA_USAGE = YES_ERROR;
				CLANG_WARN_DOCUMENTATION_COMMENTS = YES;
				CLANG_WARN_EMPTY_BODY = YES;
				CLANG_WARN_ENUM_CONVERSION = YES;
				CLANG_WARN_INFINITE_RECURSION = YES;
				CLANG_WARN_INT_CONVERSION = YES;
				CLANG_WARN_NON_LITERAL_NULL_CONVERSION = YES;
				CLANG_WARN_OBJC_IMPLICIT_RETAIN_SELF = YES;
				CLANG_WARN_OBJC_LITERAL_CONVERSION = YES;
				CLANG_WARN_OBJC_ROOT_CLASS = YES_ERROR;
				CLANG_WARN_QUOTED_INCLUDE_IN_FRAMEWORK_HEADER = YES;
				CLANG_WARN_RANGE_LOOP_ANALYSIS = YES;
				CLANG_WARN_STRICT_PROTOTYPES = YES;
				CLANG_WARN_SUSPICIOUS_MOVE = YES;
				CLANG_WARN_UNGUARDED_AVAILABILITY = YES_AGGRESSIVE;
				CLANG_WARN_UNREACHABLE_CODE = YES;
				CLANG_WARN__DUPLICATE_METHOD_MATCH = YES;
				COPY_PHASE_STRIP = NO;
				DEBUG_INFORMATION_FORMAT = "dwarf-with-dsym";
				ENABLE_NS_ASSERTIONS = NO;
				ENABLE_STRICT_OBJC_MSGSEND = YES;
				GCC_C_LANGUAGE_STANDARD = gnu11;
				GCC_NO_COMMON_BLOCKS = YES;
				GCC_WARN_64_TO_32_BIT_CONVERSION = YES;
				GCC_WARN_ABOUT_RETURN_TYPE = YES_ERROR;
				GCC_WARN_UNDECLARED_SELECTOR = YES;
				GCC_WARN_UNINITIALIZED_AUTOS = YES_AGGRESSIVE;
				GCC_WARN_UNUSED_FUNCTION = YES;
				GCC_WARN_UNUSED_VARIABLE = YES;
				IPHONEOS_DEPLOYMENT_TARGET = 16.0;
				MTL_ENABLE_DEBUG_INFO = NO;
				MTL_FAST_MATH = YES;
				SDKROOT = iphoneos;
				SWIFT_COMPILATION_MODE = wholemodule;
				SWIFT_OPTIMIZATION_LEVEL = "-O";
				VALIDATE_PRODUCT = YES;
			};
			name = Release;
		};
		87A2329C292F2C8D00B5EC64 /* Debug */ = {
			isa = XCBuildConfiguration;
			buildSettings = {
				ASSETCATALOG_COMPILER_APPICON_NAME = AppIcon;
				ASSETCATALOG_COMPILER_GLOBAL_ACCENT_COLOR_NAME = AccentColor;
				CODE_SIGN_STYLE = Automatic;
				CURRENT_PROJECT_VERSION = 1;
				DEVELOPMENT_ASSET_PATHS = "\"SampleApp/Preview Content\"";
				DEVELOPMENT_TEAM = XBV79M6D9G;
				ENABLE_PREVIEWS = YES;
				GENERATE_INFOPLIST_FILE = YES;
				INFOPLIST_KEY_UIApplicationSceneManifest_Generation = YES;
				INFOPLIST_KEY_UIApplicationSupportsIndirectInputEvents = YES;
				INFOPLIST_KEY_UILaunchScreen_Generation = YES;
				INFOPLIST_KEY_UISupportedInterfaceOrientations_iPad = "UIInterfaceOrientationPortrait UIInterfaceOrientationPortraitUpsideDown UIInterfaceOrientationLandscapeLeft UIInterfaceOrientationLandscapeRight";
				INFOPLIST_KEY_UISupportedInterfaceOrientations_iPhone = "UIInterfaceOrientationPortrait UIInterfaceOrientationLandscapeLeft UIInterfaceOrientationLandscapeRight";
				LD_RUNPATH_SEARCH_PATHS = (
					"$(inherited)",
					"@executable_path/Frameworks",
				);
				MARKETING_VERSION = 1.0;
				PRODUCT_BUNDLE_IDENTIFIER = stevecotner.SampleApp;
				PRODUCT_NAME = "$(TARGET_NAME)";
				SWIFT_EMIT_LOC_STRINGS = YES;
				SWIFT_VERSION = 5.0;
				TARGETED_DEVICE_FAMILY = "1,2";
			};
			name = Debug;
		};
		87A2329D292F2C8D00B5EC64 /* Release */ = {
			isa = XCBuildConfiguration;
			buildSettings = {
				ASSETCATALOG_COMPILER_APPICON_NAME = AppIcon;
				ASSETCATALOG_COMPILER_GLOBAL_ACCENT_COLOR_NAME = AccentColor;
				CODE_SIGN_STYLE = Automatic;
				CURRENT_PROJECT_VERSION = 1;
				DEVELOPMENT_ASSET_PATHS = "\"SampleApp/Preview Content\"";
				DEVELOPMENT_TEAM = XBV79M6D9G;
				ENABLE_PREVIEWS = YES;
				GENERATE_INFOPLIST_FILE = YES;
				INFOPLIST_KEY_UIApplicationSceneManifest_Generation = YES;
				INFOPLIST_KEY_UIApplicationSupportsIndirectInputEvents = YES;
				INFOPLIST_KEY_UILaunchScreen_Generation = YES;
				INFOPLIST_KEY_UISupportedInterfaceOrientations_iPad = "UIInterfaceOrientationPortrait UIInterfaceOrientationPortraitUpsideDown UIInterfaceOrientationLandscapeLeft UIInterfaceOrientationLandscapeRight";
				INFOPLIST_KEY_UISupportedInterfaceOrientations_iPhone = "UIInterfaceOrientationPortrait UIInterfaceOrientationLandscapeLeft UIInterfaceOrientationLandscapeRight";
				LD_RUNPATH_SEARCH_PATHS = (
					"$(inherited)",
					"@executable_path/Frameworks",
				);
				MARKETING_VERSION = 1.0;
				PRODUCT_BUNDLE_IDENTIFIER = stevecotner.SampleApp;
				PRODUCT_NAME = "$(TARGET_NAME)";
				SWIFT_EMIT_LOC_STRINGS = YES;
				SWIFT_VERSION = 5.0;
				TARGETED_DEVICE_FAMILY = "1,2";
			};
			name = Release;
		};
		87A2329F292F2C8D00B5EC64 /* Debug */ = {
			isa = XCBuildConfiguration;
			buildSettings = {
				ALWAYS_EMBED_SWIFT_STANDARD_LIBRARIES = YES;
				BUNDLE_LOADER = "$(TEST_HOST)";
				CODE_SIGN_STYLE = Automatic;
				CURRENT_PROJECT_VERSION = 1;
				GENERATE_INFOPLIST_FILE = YES;
				IPHONEOS_DEPLOYMENT_TARGET = 16.0;
				MARKETING_VERSION = 1.0;
				PRODUCT_BUNDLE_IDENTIFIER = stevecotner.SampleAppTests;
				PRODUCT_NAME = "$(TARGET_NAME)";
				SWIFT_EMIT_LOC_STRINGS = NO;
				SWIFT_VERSION = 5.0;
				TARGETED_DEVICE_FAMILY = "1,2";
				TEST_HOST = "$(BUILT_PRODUCTS_DIR)/SampleApp.app/$(BUNDLE_EXECUTABLE_FOLDER_PATH)/SampleApp";
			};
			name = Debug;
		};
		87A232A0292F2C8D00B5EC64 /* Release */ = {
			isa = XCBuildConfiguration;
			buildSettings = {
				ALWAYS_EMBED_SWIFT_STANDARD_LIBRARIES = YES;
				BUNDLE_LOADER = "$(TEST_HOST)";
				CODE_SIGN_STYLE = Automatic;
				CURRENT_PROJECT_VERSION = 1;
				GENERATE_INFOPLIST_FILE = YES;
				IPHONEOS_DEPLOYMENT_TARGET = 16.0;
				MARKETING_VERSION = 1.0;
				PRODUCT_BUNDLE_IDENTIFIER = stevecotner.SampleAppTests;
				PRODUCT_NAME = "$(TARGET_NAME)";
				SWIFT_EMIT_LOC_STRINGS = NO;
				SWIFT_VERSION = 5.0;
				TARGETED_DEVICE_FAMILY = "1,2";
				TEST_HOST = "$(BUILT_PRODUCTS_DIR)/SampleApp.app/$(BUNDLE_EXECUTABLE_FOLDER_PATH)/SampleApp";
			};
			name = Release;
		};
		87A232A2292F2C8D00B5EC64 /* Debug */ = {
			isa = XCBuildConfiguration;
			buildSettings = {
				ALWAYS_EMBED_SWIFT_STANDARD_LIBRARIES = YES;
				CODE_SIGN_STYLE = Automatic;
				CURRENT_PROJECT_VERSION = 1;
				GENERATE_INFOPLIST_FILE = YES;
				MARKETING_VERSION = 1.0;
				PRODUCT_BUNDLE_IDENTIFIER = stevecotner.SampleAppUITests;
				PRODUCT_NAME = "$(TARGET_NAME)";
				SWIFT_EMIT_LOC_STRINGS = NO;
				SWIFT_VERSION = 5.0;
				TARGETED_DEVICE_FAMILY = "1,2";
				TEST_TARGET_NAME = SampleApp;
			};
			name = Debug;
		};
		87A232A3292F2C8D00B5EC64 /* Release */ = {
			isa = XCBuildConfiguration;
			buildSettings = {
				ALWAYS_EMBED_SWIFT_STANDARD_LIBRARIES = YES;
				CODE_SIGN_STYLE = Automatic;
				CURRENT_PROJECT_VERSION = 1;
				GENERATE_INFOPLIST_FILE = YES;
				MARKETING_VERSION = 1.0;
				PRODUCT_BUNDLE_IDENTIFIER = stevecotner.SampleAppUITests;
				PRODUCT_NAME = "$(TARGET_NAME)";
				SWIFT_EMIT_LOC_STRINGS = NO;
				SWIFT_VERSION = 5.0;
				TARGETED_DEVICE_FAMILY = "1,2";
				TEST_TARGET_NAME = SampleApp;
			};
			name = Release;
		};
/* End XCBuildConfiguration section */

/* Begin XCConfigurationList section */
		87A23272292F2C8B00B5EC64 /* Build configuration list for PBXProject "SampleApp" */ = {
			isa = XCConfigurationList;
			buildConfigurations = (
				87A23299292F2C8D00B5EC64 /* Debug */,
				87A2329A292F2C8D00B5EC64 /* Release */,
			);
			defaultConfigurationIsVisible = 0;
			defaultConfigurationName = Release;
		};
		87A2329B292F2C8D00B5EC64 /* Build configuration list for PBXNativeTarget "SampleApp" */ = {
			isa = XCConfigurationList;
			buildConfigurations = (
				87A2329C292F2C8D00B5EC64 /* Debug */,
				87A2329D292F2C8D00B5EC64 /* Release */,
			);
			defaultConfigurationIsVisible = 0;
			defaultConfigurationName = Release;
		};
		87A2329E292F2C8D00B5EC64 /* Build configuration list for PBXNativeTarget "SampleAppTests" */ = {
			isa = XCConfigurationList;
			buildConfigurations = (
				87A2329F292F2C8D00B5EC64 /* Debug */,
				87A232A0292F2C8D00B5EC64 /* Release */,
			);
			defaultConfigurationIsVisible = 0;
			defaultConfigurationName = Release;
		};
		87A232A1292F2C8D00B5EC64 /* Build configuration list for PBXNativeTarget "SampleAppUITests" */ = {
			isa = XCConfigurationList;
			buildConfigurations = (
				87A232A2292F2C8D00B5EC64 /* Debug */,
				87A232A3292F2C8D00B5EC64 /* Release */,
			);
			defaultConfigurationIsVisible = 0;
			defaultConfigurationName = Release;
		};
/* End XCConfigurationList section */

/* Begin XCSwiftPackageProductDependency section */
		87A232AB292F32A500B5EC64 /* TransitionKit */ = {
			isa = XCSwiftPackageProductDependency;
			productName = TransitionKit;
		};
/* End XCSwiftPackageProductDependency section */
	};
	rootObject = 87A2326F292F2C8B00B5EC64 /* Project object */;
}
